
Microsoft Visual Studio Solution File, Format Version 12.00
# Visual Studio Version 16
VisualStudioVersion = 16.0.30114.105
MinimumVisualStudioVersion = 10.0.40219.1
Project("{FAE04EC0-301F-11D3-BF4B-00C04F79EFBC}") = "Memento", "Memento.csproj", "{12CB40C3-994C-4A20-AF16-7F8AD95D9219}"
EndProject
Global
	GlobalSection(SolutionConfigurationPlatforms) = preSolution
		Debug|Any CPU = Debug|Any CPU
		Release|Any CPU = Release|Any CPU
	EndGlobalSection
	GlobalSection(ProjectConfigurationPlatforms) = postSolution
		{12CB40C3-994C-4A20-AF16-7F8AD95D9219}.Debug|Any CPU.ActiveCfg = Debug|Any CPU
		{12CB40C3-994C-4A20-AF16-7F8AD95D9219}.Debug|Any CPU.Build.0 = Debug|Any CPU
		{12CB40C3-994C-4A20-AF16-7F8AD95D9219}.Release|Any CPU.ActiveCfg = Release|Any CPU
		{12CB40C3-994C-4A20-AF16-7F8AD95D9219}.Release|Any CPU.Build.0 = Release|Any CPU
	EndGlobalSection
	GlobalSection(SolutionProperties) = preSolution
		HideSolutionNode = FALSE
	EndGlobalSection
	GlobalSection(ExtensibilityGlobals) = postSolution
		SolutionGuid = {D96B7770-0535-47EC-86D8-40F092BD9E55}
	EndGlobalSection
EndGlobal
