
Microsoft Visual Studio Solution File, Format Version 12.00
# Visual Studio Version 16
VisualStudioVersion = 16.0.30114.105
MinimumVisualStudioVersion = 10.0.40219.1
Project("{FAE04EC0-301F-11D3-BF4B-00C04F79EFBC}") = "Mediator", "Mediator.csproj", "{4DB7267F-6B08-488E-AF32-D76611E3ECA6}"
EndProject
Global
	GlobalSection(SolutionConfigurationPlatforms) = preSolution
		Debug|Any CPU = Debug|Any CPU
		Release|Any CPU = Release|Any CPU
	EndGlobalSection
	GlobalSection(ProjectConfigurationPlatforms) = postSolution
		{4DB7267F-6B08-488E-AF32-D76611E3ECA6}.Debug|Any CPU.ActiveCfg = Debug|Any CPU
		{4DB7267F-6B08-488E-AF32-D76611E3ECA6}.Debug|Any CPU.Build.0 = Debug|Any CPU
		{4DB7267F-6B08-488E-AF32-D76611E3ECA6}.Release|Any CPU.ActiveCfg = Release|Any CPU
		{4DB7267F-6B08-488E-AF32-D76611E3ECA6}.Release|Any CPU.Build.0 = Release|Any CPU
	EndGlobalSection
	GlobalSection(SolutionProperties) = preSolution
		HideSolutionNode = FALSE
	EndGlobalSection
	GlobalSection(ExtensibilityGlobals) = postSolution
		SolutionGuid = {3039348E-D0A1-4224-89D4-7759B0CA14C8}
	EndGlobalSection
EndGlobal
