
Microsoft Visual Studio Solution File, Format Version 12.00
# Visual Studio Version 16
VisualStudioVersion = 16.0.30114.105
MinimumVisualStudioVersion = 10.0.40219.1
Project("{FAE04EC0-301F-11D3-BF4B-00C04F79EFBC}") = "Bridge", "Bridge.csproj", "{2DF5CC56-6F61-4B6F-A2C8-6374737015EE}"
EndProject
Global
	GlobalSection(SolutionConfigurationPlatforms) = preSolution
		Debug|Any CPU = Debug|Any CPU
		Release|Any CPU = Release|Any CPU
	EndGlobalSection
	GlobalSection(ProjectConfigurationPlatforms) = postSolution
		{2DF5CC56-6F61-4B6F-A2C8-6374737015EE}.Debug|Any CPU.ActiveCfg = Debug|Any CPU
		{2DF5CC56-6F61-4B6F-A2C8-6374737015EE}.Debug|Any CPU.Build.0 = Debug|Any CPU
		{2DF5CC56-6F61-4B6F-A2C8-6374737015EE}.Release|Any CPU.ActiveCfg = Release|Any CPU
		{2DF5CC56-6F61-4B6F-A2C8-6374737015EE}.Release|Any CPU.Build.0 = Release|Any CPU
	EndGlobalSection
	GlobalSection(SolutionProperties) = preSolution
		HideSolutionNode = FALSE
	EndGlobalSection
	GlobalSection(ExtensibilityGlobals) = postSolution
		SolutionGuid = {2DE19D2F-EFD8-4604-90D7-0FC46E697308}
	EndGlobalSection
EndGlobal
