
Microsoft Visual Studio Solution File, Format Version 12.00
# Visual Studio Version 16
VisualStudioVersion = 16.0.30114.105
MinimumVisualStudioVersion = 10.0.40219.1
Project("{FAE04EC0-301F-11D3-BF4B-00C04F79EFBC}") = "Proxy", "Proxy.csproj", "{31143653-01F1-4384-8FEF-FECA4E172F62}"
EndProject
Global
	GlobalSection(SolutionConfigurationPlatforms) = preSolution
		Debug|Any CPU = Debug|Any CPU
		Release|Any CPU = Release|Any CPU
	EndGlobalSection
	GlobalSection(ProjectConfigurationPlatforms) = postSolution
		{31143653-01F1-4384-8FEF-FECA4E172F62}.Debug|Any CPU.ActiveCfg = Debug|Any CPU
		{31143653-01F1-4384-8FEF-FECA4E172F62}.Debug|Any CPU.Build.0 = Debug|Any CPU
		{31143653-01F1-4384-8FEF-FECA4E172F62}.Release|Any CPU.ActiveCfg = Release|Any CPU
		{31143653-01F1-4384-8FEF-FECA4E172F62}.Release|Any CPU.Build.0 = Release|Any CPU
	EndGlobalSection
	GlobalSection(SolutionProperties) = preSolution
		HideSolutionNode = FALSE
	EndGlobalSection
	GlobalSection(ExtensibilityGlobals) = postSolution
		SolutionGuid = {36210D66-B62D-4067-99BB-768F0D3FA687}
	EndGlobalSection
EndGlobal
