
Microsoft Visual Studio Solution File, Format Version 12.00
# Visual Studio Version 16
VisualStudioVersion = 16.0.30114.105
MinimumVisualStudioVersion = 10.0.40219.1
Project("{FAE04EC0-301F-11D3-BF4B-00C04F79EFBC}") = "Composite", "Composite.csproj", "{48961823-1CA4-4868-9859-2F4C706C258B}"
EndProject
Global
	GlobalSection(SolutionConfigurationPlatforms) = preSolution
		Debug|Any CPU = Debug|Any CPU
		Release|Any CPU = Release|Any CPU
	EndGlobalSection
	GlobalSection(ProjectConfigurationPlatforms) = postSolution
		{48961823-1CA4-4868-9859-2F4C706C258B}.Debug|Any CPU.ActiveCfg = Debug|Any CPU
		{48961823-1CA4-4868-9859-2F4C706C258B}.Debug|Any CPU.Build.0 = Debug|Any CPU
		{48961823-1CA4-4868-9859-2F4C706C258B}.Release|Any CPU.ActiveCfg = Release|Any CPU
		{48961823-1CA4-4868-9859-2F4C706C258B}.Release|Any CPU.Build.0 = Release|Any CPU
	EndGlobalSection
	GlobalSection(SolutionProperties) = preSolution
		HideSolutionNode = FALSE
	EndGlobalSection
	GlobalSection(ExtensibilityGlobals) = postSolution
		SolutionGuid = {3F3C84AF-721B-4537-97F1-B3E6EB09CCDD}
	EndGlobalSection
EndGlobal
